{
  "nodes": {
    "disko": {
      "inputs": {
        "nixpkgs": [
          "nixpkgs"
        ]
      },
      "locked": {
        "lastModified": 1712356478,
        "narHash": "sha256-kTcEtrQIRnexu5lAbLsmUcfR2CrmsACF1s3ZFw1NEVA=",
        "owner": "nix-community",
        "repo": "disko",
        "rev": "0a17298c0d96190ef3be729d594ba202b9c53beb",
        "type": "github"
      },
      "original": {
        "owner": "nix-community",
        "repo": "disko",
        "type": "github"
      }
    },
    "flake-schemas": {
      "locked": {
        "lastModified": 1697467827,
        "narHash": "sha256-j8SR19V1SRysyJwpOBF4TLuAvAjF5t+gMiboN4gYQDU=",
        "rev": "764932025c817d4e500a8d2a4d8c565563923d29",
        "revCount": 29,
        "type": "tarball",
        "url": "https://api.flakehub.com/f/pinned/DeterminateSystems/flake-schemas/0.1.2/018b3da8-4cc3-7fbb-8ff7-1588413c53e2/source.tar.gz"
      },
      "original": {
        "type": "tarball",
        "url": "https://flakehub.com/f/DeterminateSystems/flake-schemas/%2A.tar.gz"
      }
    },
    "home-manager": {
      "inputs": {
        "nixpkgs": [
          "nixpkgs"
        ]
      },
      "locked": {
        "lastModified": 1712390667,
        "narHash": "sha256-ebq+fJZfobqpsAdGDGpxNWSySbQejRwW9cdiil6krCo=",
        "owner": "nix-community",
        "repo": "home-manager",
        "rev": "b787726a8413e11b074cde42704b4af32d95545c",
        "type": "github"
      },
      "original": {
        "owner": "nix-community",
        "ref": "master",
        "repo": "home-manager",
        "type": "github"
      }
    },
    "impermanence": {
      "locked": {
        "lastModified": 1708968331,
        "narHash": "sha256-VUXLaPusCBvwM3zhGbRIJVeYluh2uWuqtj4WirQ1L9Y=",
        "owner": "nix-community",
        "repo": "impermanence",
        "rev": "a33ef102a02ce77d3e39c25197664b7a636f9c30",
        "type": "github"
      },
      "original": {
        "owner": "nix-community",
        "repo": "impermanence",
        "type": "github"
      }
    },
    "nixpkgs": {
      "locked": {
        "lastModified": 1712439257,
        "narHash": "sha256-aSpiNepFOMk9932HOax0XwNxbA38GOUVOiXfUVPOrck=",
        "rev": "ff0dbd94265ac470dda06a657d5fe49de93b4599",
        "revCount": 608655,
        "type": "tarball",
        "url": "https://api.flakehub.com/f/pinned/NixOS/nixpkgs/0.1.608655%2Brev-ff0dbd94265ac470dda06a657d5fe49de93b4599/018eb77a-ddbc-7dfa-9c9c-d5444d2bb52f/source.tar.gz"
      },
      "original": {
        "type": "tarball",
        "url": "https://flakehub.com/f/NixOS/nixpkgs/0.1.%2A.tar.gz"
      }
    },
    "root": {
      "inputs": {
        "disko": "disko",
        "flake-schemas": "flake-schemas",
        "home-manager": "home-manager",
        "impermanence": "impermanence",
        "nixpkgs": "nixpkgs"
      }
    }
  },
  "root": "root",
  "version": 7
}
