{
  "nodes": {
    "disko": {
      "inputs": {
        "nixpkgs": [
          "nixpkgs"
        ]
      },
      "locked": {
        "lastModified": 1711934712,
        "narHash": "sha256-sBDe+QmX/QohlnKeSEzrftcXyZL5FY09OMjZ59Rpyy4=",
        "owner": "nix-community",
        "repo": "disko",
        "rev": "611c9ea53250f7bb22286b3d26872280a0e608f9",
        "type": "github"
      },
      "original": {
        "owner": "nix-community",
        "repo": "disko",
        "type": "github"
      }
    },
    "flake-schemas": {
      "locked": {
        "lastModified": 1697467827,
        "narHash": "sha256-j8SR19V1SRysyJwpOBF4TLuAvAjF5t+gMiboN4gYQDU=",
        "rev": "764932025c817d4e500a8d2a4d8c565563923d29",
        "revCount": 29,
        "type": "tarball",
        "url": "https://api.flakehub.com/f/pinned/DeterminateSystems/flake-schemas/0.1.2/018b3da8-4cc3-7fbb-8ff7-1588413c53e2/source.tar.gz"
      },
      "original": {
        "type": "tarball",
        "url": "https://flakehub.com/f/DeterminateSystems/flake-schemas/%2A.tar.gz"
      }
    },
    "home-manager": {
      "inputs": {
        "nixpkgs": [
          "nixpkgs"
        ]
      },
      "locked": {
        "lastModified": 1712093955,
        "narHash": "sha256-94I0sXz6fiVBvUAk2tg6t3UpM5rOImj4JTSTNFbg64s=",
        "owner": "nix-community",
        "repo": "home-manager",
        "rev": "80546b220e95a575c66c213af1b09fe255299438",
        "type": "github"
      },
      "original": {
        "owner": "nix-community",
        "ref": "master",
        "repo": "home-manager",
        "type": "github"
      }
    },
    "impermanence": {
      "locked": {
        "lastModified": 1708968331,
        "narHash": "sha256-VUXLaPusCBvwM3zhGbRIJVeYluh2uWuqtj4WirQ1L9Y=",
        "owner": "nix-community",
        "repo": "impermanence",
        "rev": "a33ef102a02ce77d3e39c25197664b7a636f9c30",
        "type": "github"
      },
      "original": {
        "owner": "nix-community",
        "repo": "impermanence",
        "type": "github"
      }
    },
    "nixpkgs": {
      "locked": {
        "lastModified": 1712122226,
        "narHash": "sha256-pmgwKs8Thu1WETMqCrWUm0CkN1nmCKX3b51+EXsAZyY=",
        "rev": "08b9151ed40350725eb40b1fe96b0b86304a654b",
        "revCount": 606533,
        "type": "tarball",
        "url": "https://api.flakehub.com/f/pinned/NixOS/nixpkgs/0.1.606533%2Brev-08b9151ed40350725eb40b1fe96b0b86304a654b/018ea50c-c92a-76ff-accb-d139d95ea055/source.tar.gz"
      },
      "original": {
        "type": "tarball",
        "url": "https://flakehub.com/f/NixOS/nixpkgs/0.1.%2A.tar.gz"
      }
    },
    "root": {
      "inputs": {
        "disko": "disko",
        "flake-schemas": "flake-schemas",
        "home-manager": "home-manager",
        "impermanence": "impermanence",
        "nixpkgs": "nixpkgs"
      }
    }
  },
  "root": "root",
  "version": 7
}
